<Solution>
  <Folder Name="/client/">
    <Project Path="client/Client.csproj" />
  </Folder>
  <Folder Name="/aot/">
    <Project Path="aot/AotCompatibility.TestApp.csproj" />
  </Folder>
  <Folder Name="/engine/">
    <Project Path="engine/Engine.Tests/Engine.Tests.csproj" />
    <Project Path="engine/Engine/Engine.csproj" />
  </Folder>
</Solution>
